
Microsoft Visual Studio Solution File, Format Version 12.00
# Visual Studio Version 16
VisualStudioVersion = 16.0.30225.117
MinimumVisualStudioVersion = 10.0.40219.1
Project("{FAE04EC0-301F-11D3-BF4B-00C04F79EFBC}") = "CryptoCurrency UI", "CryptoCurrency UI.csproj", "{71A08E64-7C5A-44DC-A375-9368F5BABDA4}"
EndProject
Global
	GlobalSection(SolutionConfigurationPlatforms) = preSolution
		Debug|Any CPU = Debug|Any CPU
		Release|Any CPU = Release|Any CPU
	EndGlobalSection
	GlobalSection(ProjectConfigurationPlatforms) = postSolution
		{71A08E64-7C5A-44DC-A375-9368F5BABDA4}.Debug|Any CPU.ActiveCfg = Debug|Any CPU
		{71A08E64-7C5A-44DC-A375-9368F5BABDA4}.Debug|Any CPU.Build.0 = Debug|Any CPU
		{71A08E64-7C5A-44DC-A375-9368F5BABDA4}.Release|Any CPU.ActiveCfg = Release|Any CPU
		{71A08E64-7C5A-44DC-A375-9368F5BABDA4}.Release|Any CPU.Build.0 = Release|Any CPU
	EndGlobalSection
	GlobalSection(SolutionProperties) = preSolution
		HideSolutionNode = FALSE
	EndGlobalSection
	GlobalSection(ExtensibilityGlobals) = postSolution
		SolutionGuid = {340BAB12-F2EF-42B3-AD73-EFDD1C6A84A1}
	EndGlobalSection
EndGlobal
